
Microsoft Visual Studio Solution File, Format Version 12.00
# Visual Studio Version 17
VisualStudioVersion = 17.5.33530.505
MinimumVisualStudioVersion = 10.0.40219.1
Project("{FAE04EC0-301F-11D3-BF4B-00C04F79EFBC}") = "AIChatBotClient", "AIChatBotClient\AIChatBotClient.csproj", "{0EA0F940-DF25-494E-B2E6-65BBD2BA38F5}"
EndProject
Global
	GlobalSection(SolutionConfigurationPlatforms) = preSolution
		Debug|Any CPU = Debug|Any CPU
		Release|Any CPU = Release|Any CPU
	EndGlobalSection
	GlobalSection(ProjectConfigurationPlatforms) = postSolution
		{0EA0F940-DF25-494E-B2E6-65BBD2BA38F5}.Debug|Any CPU.ActiveCfg = Debug|Any CPU
		{0EA0F940-DF25-494E-B2E6-65BBD2BA38F5}.Debug|Any CPU.Build.0 = Debug|Any CPU
		{0EA0F940-DF25-494E-B2E6-65BBD2BA38F5}.Release|Any CPU.ActiveCfg = Release|Any CPU
		{0EA0F940-DF25-494E-B2E6-65BBD2BA38F5}.Release|Any CPU.Build.0 = Release|Any CPU
	EndGlobalSection
	GlobalSection(SolutionProperties) = preSolution
		HideSolutionNode = FALSE
	EndGlobalSection
	GlobalSection(ExtensibilityGlobals) = postSolution
		SolutionGuid = {6BCEA59F-FC33-46DA-BDFF-68DC88010BE7}
	EndGlobalSection
EndGlobal
